
Microsoft Visual Studio Solution File, Format Version 12.00
# Visual Studio Version 17
VisualStudioVersion = 17.1.32414.318
MinimumVisualStudioVersion = 10.0.40219.1
Project("{8BC9CEB8-8B4A-11D0-8D11-00A0C91BC942}") = "Cellautomaton3D", "Cellautomaton3D\Cellautomaton3D.vcxproj", "{198C1525-06DF-44E1-A1AC-740DA32EDB11}"
EndProject
Global
	GlobalSection(SolutionConfigurationPlatforms) = preSolution
		Debug|x64 = Debug|x64
		Release|x64 = Release|x64
	EndGlobalSection
	GlobalSection(ProjectConfigurationPlatforms) = postSolution
		{198C1525-06DF-44E1-A1AC-740DA32EDB11}.Debug|x64.ActiveCfg = Debug|x64
		{198C1525-06DF-44E1-A1AC-740DA32EDB11}.Debug|x64.Build.0 = Debug|x64
		{198C1525-06DF-44E1-A1AC-740DA32EDB11}.Release|x64.ActiveCfg = Release|x64
		{198C1525-06DF-44E1-A1AC-740DA32EDB11}.Release|x64.Build.0 = Release|x64
	EndGlobalSection
	GlobalSection(SolutionProperties) = preSolution
		HideSolutionNode = FALSE
	EndGlobalSection
	GlobalSection(ExtensibilityGlobals) = postSolution
		SolutionGuid = {34FA90EC-0AC9-41C2-AF74-A90F4A40F9C4}
	EndGlobalSection
EndGlobal
